
Microsoft Visual Studio Solution File, Format Version 12.00
# Visual Studio Version 17
VisualStudioVersion = 17.3.32929.385
MinimumVisualStudioVersion = 10.0.40219.1
Project("{FAE04EC0-301F-11D3-BF4B-00C04F79EFBC}") = "github-harjoitus", "github-harjoitus\github-harjoitus.csproj", "{183C2D99-CA80-4F0B-A889-EE2D19CAF844}"
EndProject
Global
	GlobalSection(SolutionConfigurationPlatforms) = preSolution
		Debug|Any CPU = Debug|Any CPU
		Release|Any CPU = Release|Any CPU
	EndGlobalSection
	GlobalSection(ProjectConfigurationPlatforms) = postSolution
		{183C2D99-CA80-4F0B-A889-EE2D19CAF844}.Debug|Any CPU.ActiveCfg = Debug|Any CPU
		{183C2D99-CA80-4F0B-A889-EE2D19CAF844}.Debug|Any CPU.Build.0 = Debug|Any CPU
		{183C2D99-CA80-4F0B-A889-EE2D19CAF844}.Release|Any CPU.ActiveCfg = Release|Any CPU
		{183C2D99-CA80-4F0B-A889-EE2D19CAF844}.Release|Any CPU.Build.0 = Release|Any CPU
	EndGlobalSection
	GlobalSection(SolutionProperties) = preSolution
		HideSolutionNode = FALSE
	EndGlobalSection
	GlobalSection(ExtensibilityGlobals) = postSolution
		SolutionGuid = {99043E62-5F89-4BEB-8234-249DDFE9A65D}
	EndGlobalSection
EndGlobal
